{
  "nodes": {
    "nixpkgs": {
      "locked": {
        "lastModified": 1686513595,
        "narHash": "sha256-H3JNqj7TEiMx5rd8lRiONvgFZvmf3kmwHI2umDdqgFY=",
        "owner": "nixos",
        "repo": "nixpkgs",
        "rev": "bb8b5735d6f7e06b9ddd27de115b0600c1ffbdb4",
        "type": "github"
      },
      "original": {
        "owner": "nixos",
        "ref": "nixos-23.05",
        "repo": "nixpkgs",
        "type": "github"
      }
    },
    "root": {
      "inputs": {
        "nixpkgs": "nixpkgs",
        "steam-fetcher": "steam-fetcher"
      }
    },
    "steam-fetcher": {
      "inputs": {
        "nixpkgs": [
          "nixpkgs"
        ]
      },
      "locked": {
        "lastModified": 1714795926,
        "narHash": "sha256-PkgC9jqoN6cJ8XYzTA2PlrWs7aPJkM3BGiTxNqax0cA=",
        "owner": "nix-community",
        "repo": "steam-fetcher",
        "rev": "12f66eafb7862d91b3e30c14035f96a21941bd9c",
        "type": "github"
      },
      "original": {
        "owner": "nix-community",
        "repo": "steam-fetcher",
        "type": "github"
      }
    }
  },
  "root": "root",
  "version": 7
}
